// !$*UTF8*$!
{
	archiveVersion = 1;
	classes = {
	};
	objectVersion = 50;
	objects = {

/* Begin PBXBuildFile section */
		A6AD1DB6E905A5817F158DA4 /* Pods_Todoey.framework in Frameworks */ = {isa = PBXBuildFile; fileRef = BC1DCAC647329AD843F8CDA3 /* Pods_Todoey.framework */; };
		CAA1E07F210FAC2B004C196A /* AppDelegate.swift in Sources */ = {isa = PBXBuildFile; fileRef = CAA1E07E210FAC2B004C196A /* AppDelegate.swift */; };
		CAA1E081210FAC2B004C196A /* TodoListViewController.swift in Sources */ = {isa = PBXBuildFile; fileRef = CAA1E080210FAC2B004C196A /* TodoListViewController.swift */; };
		CAA1E084210FAC2B004C196A /* Main.storyboard in Resources */ = {isa = PBXBuildFile; fileRef = CAA1E082210FAC2B004C196A /* Main.storyboard */; };
		CAA1E086210FAC2D004C196A /* Assets.xcassets in Resources */ = {isa = PBXBuildFile; fileRef = CAA1E085210FAC2D004C196A /* Assets.xcassets */; };
		CAA1E089210FAC2D004C196A /* LaunchScreen.storyboard in Resources */ = {isa = PBXBuildFile; fileRef = CAA1E087210FAC2D004C196A /* LaunchScreen.storyboard */; };
		CADCB0092110F18500A865D8 /* CategoryViewController.swift in Sources */ = {isa = PBXBuildFile; fileRef = CADCB0082110F18500A865D8 /* CategoryViewController.swift */; };
		CADCB00D21112CEA00A865D8 /* Item.swift in Sources */ = {isa = PBXBuildFile; fileRef = CADCB00C21112CEA00A865D8 /* Item.swift */; };
		CADCB00F21112CF400A865D8 /* Category.swift in Sources */ = {isa = PBXBuildFile; fileRef = CADCB00E21112CF400A865D8 /* Category.swift */; };
/* End PBXBuildFile section */

/* Begin PBXFileReference section */
		1F0109612CBDF4F49523B69A /* Pods-Todoey.debug.xcconfig */ = {isa = PBXFileReference; includeInIndex = 1; lastKnownFileType = text.xcconfig; name = "Pods-Todoey.debug.xcconfig"; path = "Pods/Target Support Files/Pods-Todoey/Pods-Todoey.debug.xcconfig"; sourceTree = "<group>"; };
		2EDB8D80ABA4757CF18EEE9F /* Pods-Todoey.release.xcconfig */ = {isa = PBXFileReference; includeInIndex = 1; lastKnownFileType = text.xcconfig; name = "Pods-Todoey.release.xcconfig"; path = "Pods/Target Support Files/Pods-Todoey/Pods-Todoey.release.xcconfig"; sourceTree = "<group>"; };
		BC1DCAC647329AD843F8CDA3 /* Pods_Todoey.framework */ = {isa = PBXFileReference; explicitFileType = wrapper.framework; includeInIndex = 0; path = Pods_Todoey.framework; sourceTree = BUILT_PRODUCTS_DIR; };
		CAA1E07B210FAC2B004C196A /* Todoey.app */ = {isa = PBXFileReference; explicitFileType = wrapper.application; includeInIndex = 0; path = Todoey.app; sourceTree = BUILT_PRODUCTS_DIR; };
		CAA1E07E210FAC2B004C196A /* AppDelegate.swift */ = {isa = PBXFileReference; lastKnownFileType = sourcecode.swift; path = AppDelegate.swift; sourceTree = "<group>"; };
		CAA1E080210FAC2B004C196A /* TodoListViewController.swift */ = {isa = PBXFileReference; lastKnownFileType = sourcecode.swift; path = TodoListViewController.swift; sourceTree = "<group>"; };
		CAA1E083210FAC2B004C196A /* Base */ = {isa = PBXFileReference; lastKnownFileType = file.storyboard; name = Base; path = Base.lproj/Main.storyboard; sourceTree = "<group>"; };
		CAA1E085210FAC2D004C196A /* Assets.xcassets */ = {isa = PBXFileReference; lastKnownFileType = folder.assetcatalog; path = Assets.xcassets; sourceTree = "<group>"; };
		CAA1E088210FAC2D004C196A /* Base */ = {isa = PBXFileReference; lastKnownFileType = file.storyboard; name = Base; path = Base.lproj/LaunchScreen.storyboard; sourceTree = "<group>"; };
		CAA1E08A210FAC2D004C196A /* Info.plist */ = {isa = PBXFileReference; lastKnownFileType = text.plist.xml; path = Info.plist; sourceTree = "<group>"; };
		CADCB0082110F18500A865D8 /* CategoryViewController.swift */ = {isa = PBXFileReference; lastKnownFileType = sourcecode.swift; path = CategoryViewController.swift; sourceTree = "<group>"; };
		CADCB00C21112CEA00A865D8 /* Item.swift */ = {isa = PBXFileReference; lastKnownFileType = sourcecode.swift; path = Item.swift; sourceTree = "<group>"; };
		CADCB00E21112CF400A865D8 /* Category.swift */ = {isa = PBXFileReference; lastKnownFileType = sourcecode.swift; path = Category.swift; sourceTree = "<group>"; };
/* End PBXFileReference section */

/* Begin PBXFrameworksBuildPhase section */
		CAA1E078210FAC2B004C196A /* Frameworks */ = {
			isa = PBXFrameworksBuildPhase;
			buildActionMask = 2147483647;
			files = (
				A6AD1DB6E905A5817F158DA4 /* Pods_Todoey.framework in Frameworks */,
			);
			runOnlyForDeploymentPostprocessing = 0;
		};
/* End PBXFrameworksBuildPhase section */

/* Begin PBXGroup section */
		A7F2488CDA4AE9B139D5DDAC /* Frameworks */ = {
			isa = PBXGroup;
			children = (
				BC1DCAC647329AD843F8CDA3 /* Pods_Todoey.framework */,
			);
			name = Frameworks;
			sourceTree = "<group>";
		};
		B66DC23830C569DF14FDC377 /* Pods */ = {
			isa = PBXGroup;
			children = (
				1F0109612CBDF4F49523B69A /* Pods-Todoey.debug.xcconfig */,
				2EDB8D80ABA4757CF18EEE9F /* Pods-Todoey.release.xcconfig */,
			);
			name = Pods;
			sourceTree = "<group>";
		};
		CAA1E072210FAC2B004C196A = {
			isa = PBXGroup;
			children = (
				CAA1E07D210FAC2B004C196A /* Todoey */,
				CAA1E07C210FAC2B004C196A /* Products */,
				B66DC23830C569DF14FDC377 /* Pods */,
				A7F2488CDA4AE9B139D5DDAC /* Frameworks */,
			);
			sourceTree = "<group>";
		};
		CAA1E07C210FAC2B004C196A /* Products */ = {
			isa = PBXGroup;
			children = (
				CAA1E07B210FAC2B004C196A /* Todoey.app */,
			);
			name = Products;
			sourceTree = "<group>";
		};
		CAA1E07D210FAC2B004C196A /* Todoey */ = {
			isa = PBXGroup;
			children = (
				CAA1E07E210FAC2B004C196A /* AppDelegate.swift */,
				CAA1E094210FC220004C196A /* Views */,
				CAA1E093210FC216004C196A /* Controllers */,
				CAA1E090210FC1B4004C196A /* Data Model */,
				CAA1E095210FC237004C196A /* Supporting Files */,
				CAA1E08A210FAC2D004C196A /* Info.plist */,
			);
			path = Todoey;
			sourceTree = "<group>";
		};
		CAA1E090210FC1B4004C196A /* Data Model */ = {
			isa = PBXGroup;
			children = (
				CADCB00E21112CF400A865D8 /* Category.swift */,
				CADCB00C21112CEA00A865D8 /* Item.swift */,
			);
			path = "Data Model";
			sourceTree = "<group>";
		};
		CAA1E093210FC216004C196A /* Controllers */ = {
			isa = PBXGroup;
			children = (
				CADCB0082110F18500A865D8 /* CategoryViewController.swift */,
				CAA1E080210FAC2B004C196A /* TodoListViewController.swift */,
			);
			path = Controllers;
			sourceTree = "<group>";
		};
		CAA1E094210FC220004C196A /* Views */ = {
			isa = PBXGroup;
			children = (
				CAA1E082210FAC2B004C196A /* Main.storyboard */,
			);
			path = Views;
			sourceTree = "<group>";
		};
		CAA1E095210FC237004C196A /* Supporting Files */ = {
			isa = PBXGroup;
			children = (
				CAA1E085210FAC2D004C196A /* Assets.xcassets */,
				CAA1E087210FAC2D004C196A /* LaunchScreen.storyboard */,
			);
			path = "Supporting Files";
			sourceTree = "<group>";
		};
/* End PBXGroup section */

/* Begin PBXNativeTarget section */
		CAA1E07A210FAC2B004C196A /* Todoey */ = {
			isa = PBXNativeTarget;
			buildConfigurationList = CAA1E08D210FAC2D004C196A /* Build configuration list for PBXNativeTarget "Todoey" */;
			buildPhases = (
				8B9C0FA253980DDE85F1DECE /* [CP] Check Pods Manifest.lock */,
				CAA1E077210FAC2B004C196A /* Sources */,
				CAA1E078210FAC2B004C196A /* Frameworks */,
				CAA1E079210FAC2B004C196A /* Resources */,
				E881F2B7F00A4BD9AE128D7B /* [CP] Embed Pods Frameworks */,
			);
			buildRules = (
			);
			dependencies = (
			);
			name = Todoey;
			productName = Todoey;
			productReference = CAA1E07B210FAC2B004C196A /* Todoey.app */;
			productType = "com.apple.product-type.application";
		};
/* End PBXNativeTarget section */

/* Begin PBXProject section */
		CAA1E073210FAC2B004C196A /* Project object */ = {
			isa = PBXProject;
			attributes = {
				LastSwiftUpdateCheck = 0940;
				LastUpgradeCheck = 0940;
				ORGANIZATIONNAME = travisluong;
				TargetAttributes = {
					CAA1E07A210FAC2B004C196A = {
						CreatedOnToolsVersion = 9.4.1;
					};
				};
			};
			buildConfigurationList = CAA1E076210FAC2B004C196A /* Build configuration list for PBXProject "Todoey" */;
			compatibilityVersion = "Xcode 9.3";
			developmentRegion = en;
			hasScannedForEncodings = 0;
			knownRegions = (
				en,
				Base,
			);
			mainGroup = CAA1E072210FAC2B004C196A;
			productRefGroup = CAA1E07C210FAC2B004C196A /* Products */;
			projectDirPath = "";
			projectRoot = "";
			targets = (
				CAA1E07A210FAC2B004C196A /* Todoey */,
			);
		};
/* End PBXProject section */

/* Begin PBXResourcesBuildPhase section */
		CAA1E079210FAC2B004C196A /* Resources */ = {
			isa = PBXResourcesBuildPhase;
			buildActionMask = 2147483647;
			files = (
				CAA1E089210FAC2D004C196A /* LaunchScreen.storyboard in Resources */,
				CAA1E086210FAC2D004C196A /* Assets.xcassets in Resources */,
				CAA1E084210FAC2B004C196A /* Main.storyboard in Resources */,
			);
			runOnlyForDeploymentPostprocessing = 0;
		};
/* End PBXResourcesBuildPhase section */

/* Begin PBXShellScriptBuildPhase section */
		8B9C0FA253980DDE85F1DECE /* [CP] Check Pods Manifest.lock */ = {
			isa = PBXShellScriptBuildPhase;
			buildActionMask = 2147483647;
			files = (
			);
			inputPaths = (
				"${PODS_PODFILE_DIR_PATH}/Podfile.lock",
				"${PODS_ROOT}/Manifest.lock",
			);
			name = "[CP] Check Pods Manifest.lock";
			outputPaths = (
				"$(DERIVED_FILE_DIR)/Pods-Todoey-checkManifestLockResult.txt",
			);
			runOnlyForDeploymentPostprocessing = 0;
			shellPath = /bin/sh;
			shellScript = "diff \"${PODS_PODFILE_DIR_PATH}/Podfile.lock\" \"${PODS_ROOT}/Manifest.lock\" > /dev/null\nif [ $? != 0 ] ; then\n    # print error to STDERR\n    echo \"error: The sandbox is not in sync with the Podfile.lock. Run 'pod install' or update your CocoaPods installation.\" >&2\n    exit 1\nfi\n# This output is used by Xcode 'outputs' to avoid re-running this script phase.\necho \"SUCCESS\" > \"${SCRIPT_OUTPUT_FILE_0}\"\n";
			showEnvVarsInLog = 0;
		};
		E881F2B7F00A4BD9AE128D7B /* [CP] Embed Pods Frameworks */ = {
			isa = PBXShellScriptBuildPhase;
			buildActionMask = 2147483647;
			files = (
			);
			inputPaths = (
				"${SRCROOT}/Pods/Target Support Files/Pods-Todoey/Pods-Todoey-frameworks.sh",
				"${BUILT_PRODUCTS_DIR}/Realm/Realm.framework",
				"${BUILT_PRODUCTS_DIR}/RealmSwift/RealmSwift.framework",
			);
			name = "[CP] Embed Pods Frameworks";
			outputPaths = (
				"${TARGET_BUILD_DIR}/${FRAMEWORKS_FOLDER_PATH}/Realm.framework",
				"${TARGET_BUILD_DIR}/${FRAMEWORKS_FOLDER_PATH}/RealmSwift.framework",
			);
			runOnlyForDeploymentPostprocessing = 0;
			shellPath = /bin/sh;
			shellScript = "\"${SRCROOT}/Pods/Target Support Files/Pods-Todoey/Pods-Todoey-frameworks.sh\"\n";
			showEnvVarsInLog = 0;
		};
/* End PBXShellScriptBuildPhase section */

/* Begin PBXSourcesBuildPhase section */
		CAA1E077210FAC2B004C196A /* Sources */ = {
			isa = PBXSourcesBuildPhase;
			buildActionMask = 2147483647;
			files = (
				CADCB00D21112CEA00A865D8 /* Item.swift in Sources */,
				CADCB0092110F18500A865D8 /* CategoryViewController.swift in Sources */,
				CAA1E081210FAC2B004C196A /* TodoListViewController.swift in Sources */,
				CAA1E07F210FAC2B004C196A /* AppDelegate.swift in Sources */,
				CADCB00F21112CF400A865D8 /* Category.swift in Sources */,
			);
			runOnlyForDeploymentPostprocessing = 0;
		};
/* End PBXSourcesBuildPhase section */

/* Begin PBXVariantGroup section */
		CAA1E082210FAC2B004C196A /* Main.storyboard */ = {
			isa = PBXVariantGroup;
			children = (
				CAA1E083210FAC2B004C196A /* Base */,
			);
			name = Main.storyboard;
			sourceTree = "<group>";
		};
		CAA1E087210FAC2D004C196A /* LaunchScreen.storyboard */ = {
			isa = PBXVariantGroup;
			children = (
				CAA1E088210FAC2D004C196A /* Base */,
			);
			name = LaunchScreen.storyboard;
			sourceTree = "<group>";
		};
/* End PBXVariantGroup section */

/* Begin XCBuildConfiguration section */
		CAA1E08B210FAC2D004C196A /* Debug */ = {
			isa = XCBuildConfiguration;
			buildSettings = {
				ALWAYS_SEARCH_USER_PATHS = NO;
				CLANG_ANALYZER_NONNULL = YES;
				CLANG_ANALYZER_NUMBER_OBJECT_CONVERSION = YES_AGGRESSIVE;
				CLANG_CXX_LANGUAGE_STANDARD = "gnu++14";
				CLANG_CXX_LIBRARY = "libc++";
				CLANG_ENABLE_MODULES = YES;
				CLANG_ENABLE_OBJC_ARC = YES;
				CLANG_ENABLE_OBJC_WEAK = YES;
				CLANG_WARN_BLOCK_CAPTURE_AUTORELEASING = YES;
				CLANG_WARN_BOOL_CONVERSION = YES;
				CLANG_WARN_COMMA = YES;
				CLANG_WARN_CONSTANT_CONVERSION = YES;
				CLANG_WARN_DEPRECATED_OBJC_IMPLEMENTATIONS = YES;
				CLANG_WARN_DIRECT_OBJC_ISA_USAGE = YES_ERROR;
				CLANG_WARN_DOCUMENTATION_COMMENTS = YES;
				CLANG_WARN_EMPTY_BODY = YES;
				CLANG_WARN_ENUM_CONVERSION = YES;
				CLANG_WARN_INFINITE_RECURSION = YES;
				CLANG_WARN_INT_CONVERSION = YES;
				CLANG_WARN_NON_LITERAL_NULL_CONVERSION = YES;
				CLANG_WARN_OBJC_IMPLICIT_RETAIN_SELF = YES;
				CLANG_WARN_OBJC_LITERAL_CONVERSION = YES;
				CLANG_WARN_OBJC_ROOT_CLASS = YES_ERROR;
				CLANG_WARN_RANGE_LOOP_ANALYSIS = YES;
				CLANG_WARN_STRICT_PROTOTYPES = YES;
				CLANG_WARN_SUSPICIOUS_MOVE = YES;
				CLANG_WARN_UNGUARDED_AVAILABILITY = YES_AGGRESSIVE;
				CLANG_WARN_UNREACHABLE_CODE = YES;
				CLANG_WARN__DUPLICATE_METHOD_MATCH = YES;
				CODE_SIGN_IDENTITY = "iPhone Developer";
				COPY_PHASE_STRIP = NO;
				DEBUG_INFORMATION_FORMAT = dwarf;
				ENABLE_STRICT_OBJC_MSGSEND = YES;
				ENABLE_TESTABILITY = YES;
				GCC_C_LANGUAGE_STANDARD = gnu11;
				GCC_DYNAMIC_NO_PIC = NO;
				GCC_NO_COMMON_BLOCKS = YES;
				GCC_OPTIMIZATION_LEVEL = 0;
				GCC_PREPROCESSOR_DEFINITIONS = (
					"DEBUG=1",
					"$(inherited)",
				);
				GCC_WARN_64_TO_32_BIT_CONVERSION = YES;
				GCC_WARN_ABOUT_RETURN_TYPE = YES_ERROR;
				GCC_WARN_UNDECLARED_SELECTOR = YES;
				GCC_WARN_UNINITIALIZED_AUTOS = YES_AGGRESSIVE;
				GCC_WARN_UNUSED_FUNCTION = YES;
				GCC_WARN_UNUSED_VARIABLE = YES;
				IPHONEOS_DEPLOYMENT_TARGET = 11.4;
				MTL_ENABLE_DEBUG_INFO = YES;
				ONLY_ACTIVE_ARCH = YES;
				SDKROOT = iphoneos;
				SWIFT_ACTIVE_COMPILATION_CONDITIONS = DEBUG;
				SWIFT_OPTIMIZATION_LEVEL = "-Onone";
			};
			name = Debug;
		};
		CAA1E08C210FAC2D004C196A /* Release */ = {
			isa = XCBuildConfiguration;
			buildSettings = {
				ALWAYS_SEARCH_USER_PATHS = NO;
				CLANG_ANALYZER_NONNULL = YES;
				CLANG_ANALYZER_NUMBER_OBJECT_CONVERSION = YES_AGGRESSIVE;
				CLANG_CXX_LANGUAGE_STANDARD = "gnu++14";
				CLANG_CXX_LIBRARY = "libc++";
				CLANG_ENABLE_MODULES = YES;
				CLANG_ENABLE_OBJC_ARC = YES;
				CLANG_ENABLE_OBJC_WEAK = YES;
				CLANG_WARN_BLOCK_CAPTURE_AUTORELEASING = YES;
				CLANG_WARN_BOOL_CONVERSION = YES;
				CLANG_WARN_COMMA = YES;
				CLANG_WARN_CONSTANT_CONVERSION = YES;
				CLANG_WARN_DEPRECATED_OBJC_IMPLEMENTATIONS = YES;
				CLANG_WARN_DIRECT_OBJC_ISA_USAGE = YES_ERROR;
				CLANG_WARN_DOCUMENTATION_COMMENTS = YES;
				CLANG_WARN_EMPTY_BODY = YES;
				CLANG_WARN_ENUM_CONVERSION = YES;
				CLANG_WARN_INFINITE_RECURSION = YES;
				CLANG_WARN_INT_CONVERSION = YES;
				CLANG_WARN_NON_LITERAL_NULL_CONVERSION = YES;
				CLANG_WARN_OBJC_IMPLICIT_RETAIN_SELF = YES;
				CLANG_WARN_OBJC_LITERAL_CONVERSION = YES;
				CLANG_WARN_OBJC_ROOT_CLASS = YES_ERROR;
				CLANG_WARN_RANGE_LOOP_ANALYSIS = YES;
				CLANG_WARN_STRICT_PROTOTYPES = YES;
				CLANG_WARN_SUSPICIOUS_MOVE = YES;
				CLANG_WARN_UNGUARDED_AVAILABILITY = YES_AGGRESSIVE;
				CLANG_WARN_UNREACHABLE_CODE = YES;
				CLANG_WARN__DUPLICATE_METHOD_MATCH = YES;
				CODE_SIGN_IDENTITY = "iPhone Developer";
				COPY_PHASE_STRIP = NO;
				DEBUG_INFORMATION_FORMAT = "dwarf-with-dsym";
				ENABLE_NS_ASSERTIONS = NO;
				ENABLE_STRICT_OBJC_MSGSEND = YES;
				GCC_C_LANGUAGE_STANDARD = gnu11;
				GCC_NO_COMMON_BLOCKS = YES;
				GCC_WARN_64_TO_32_BIT_CONVERSION = YES;
				GCC_WARN_ABOUT_RETURN_TYPE = YES_ERROR;
				GCC_WARN_UNDECLARED_SELECTOR = YES;
				GCC_WARN_UNINITIALIZED_AUTOS = YES_AGGRESSIVE;
				GCC_WARN_UNUSED_FUNCTION = YES;
				GCC_WARN_UNUSED_VARIABLE = YES;
				IPHONEOS_DEPLOYMENT_TARGET = 11.4;
				MTL_ENABLE_DEBUG_INFO = NO;
				SDKROOT = iphoneos;
				SWIFT_COMPILATION_MODE = wholemodule;
				SWIFT_OPTIMIZATION_LEVEL = "-O";
				VALIDATE_PRODUCT = YES;
			};
			name = Release;
		};
		CAA1E08E210FAC2D004C196A /* Debug */ = {
			isa = XCBuildConfiguration;
			baseConfigurationReference = 1F0109612CBDF4F49523B69A /* Pods-Todoey.debug.xcconfig */;
			buildSettings = {
				ASSETCATALOG_COMPILER_APPICON_NAME = AppIcon;
				CODE_SIGN_STYLE = Automatic;
				DEVELOPMENT_TEAM = GCNAMCQNX6;
				INFOPLIST_FILE = Todoey/Info.plist;
				LD_RUNPATH_SEARCH_PATHS = (
					"$(inherited)",
					"@executable_path/Frameworks",
				);
				PRODUCT_BUNDLE_IDENTIFIER = com.travisluong.Todoey;
				PRODUCT_NAME = "$(TARGET_NAME)";
				SWIFT_VERSION = 4.0;
				TARGETED_DEVICE_FAMILY = "1,2";
			};
			name = Debug;
		};
		CAA1E08F210FAC2D004C196A /* Release */ = {
			isa = XCBuildConfiguration;
			baseConfigurationReference = 2EDB8D80ABA4757CF18EEE9F /* Pods-Todoey.release.xcconfig */;
			buildSettings = {
				ASSETCATALOG_COMPILER_APPICON_NAME = AppIcon;
				CODE_SIGN_STYLE = Automatic;
				DEVELOPMENT_TEAM = GCNAMCQNX6;
				INFOPLIST_FILE = Todoey/Info.plist;
				LD_RUNPATH_SEARCH_PATHS = (
					"$(inherited)",
					"@executable_path/Frameworks",
				);
				PRODUCT_BUNDLE_IDENTIFIER = com.travisluong.Todoey;
				PRODUCT_NAME = "$(TARGET_NAME)";
				SWIFT_VERSION = 4.0;
				TARGETED_DEVICE_FAMILY = "1,2";
			};
			name = Release;
		};
/* End XCBuildConfiguration section */

/* Begin XCConfigurationList section */
		CAA1E076210FAC2B004C196A /* Build configuration list for PBXProject "Todoey" */ = {
			isa = XCConfigurationList;
			buildConfigurations = (
				CAA1E08B210FAC2D004C196A /* Debug */,
				CAA1E08C210FAC2D004C196A /* Release */,
			);
			defaultConfigurationIsVisible = 0;
			defaultConfigurationName = Release;
		};
		CAA1E08D210FAC2D004C196A /* Build configuration list for PBXNativeTarget "Todoey" */ = {
			isa = XCConfigurationList;
			buildConfigurations = (
				CAA1E08E210FAC2D004C196A /* Debug */,
				CAA1E08F210FAC2D004C196A /* Release */,
			);
			defaultConfigurationIsVisible = 0;
			defaultConfigurationName = Release;
		};
/* End XCConfigurationList section */
	};
	rootObject = CAA1E073210FAC2B004C196A /* Project object */;
}
